
Microsoft Visual Studio Solution File, Format Version 12.00
# Visual Studio 15
VisualStudioVersion = 15.0.28010.2016
MinimumVisualStudioVersion = 10.0.40219.1
Project("{FAE04EC0-301F-11D3-BF4B-00C04F79EFBC}") = "Projet1", "Projet1\Projet1.csproj", "{37184F75-8EBC-4FFA-8B74-D26FAF42C3B6}"
EndProject
Global
	GlobalSection(SolutionConfigurationPlatforms) = preSolution
		Debug|Any CPU = Debug|Any CPU
		Release|Any CPU = Release|Any CPU
	EndGlobalSection
	GlobalSection(ProjectConfigurationPlatforms) = postSolution
		{37184F75-8EBC-4FFA-8B74-D26FAF42C3B6}.Debug|Any CPU.ActiveCfg = Debug|Any CPU
		{37184F75-8EBC-4FFA-8B74-D26FAF42C3B6}.Debug|Any CPU.Build.0 = Debug|Any CPU
		{37184F75-8EBC-4FFA-8B74-D26FAF42C3B6}.Release|Any CPU.ActiveCfg = Release|Any CPU
		{37184F75-8EBC-4FFA-8B74-D26FAF42C3B6}.Release|Any CPU.Build.0 = Release|Any CPU
	EndGlobalSection
	GlobalSection(SolutionProperties) = preSolution
		HideSolutionNode = FALSE
	EndGlobalSection
	GlobalSection(ExtensibilityGlobals) = postSolution
		SolutionGuid = {3429AF4E-B1A0-4A4E-8AAD-0C58E9EFCC4C}
	EndGlobalSection
EndGlobal
